{
    "_readme": [
        "This file locks the dependencies of your project to a known state",
        "Read more about it at https://getcomposer.org/doc/01-basic-usage.md#installing-dependencies",
        "This file is @generated automatically"
    ],
    "content-hash": "0620b09b968c31b460dc11278f6f84ee",
    "packages": [
        {
            "name": "laminas/laminas-escaper",
            "version": "2.13.0",
            "source": {
                "type": "git",
                "url": "https://github.com/laminas/laminas-escaper.git",
                "reference": "af459883f4018d0f8a0c69c7a209daef3bf973ba"
            },
            "dist": {
                "type": "zip",
                "url": "https://api.github.com/repos/laminas/laminas-escaper/zipball/af459883f4018d0f8a0c69c7a209daef3bf973ba",
                "reference": "af459883f4018d0f8a0c69c7a209daef3bf973ba",
                "shasum": ""
            },
            "require": {
                "ext-ctype": "*",
                "ext-mbstring": "*",
                "php": "~8.1.0 || ~8.2.0 || ~8.3.0"
            },
            "conflict": {
                "zendframework/zend-escaper": "*"
            },
            "require-dev": {
                "infection/infection": "^0.27.0",
                "laminas/laminas-coding-standard": "~2.5.0",
                "maglnet/composer-require-checker": "^3.8.0",
                "phpunit/phpunit": "^9.6.7",
                "psalm/plugin-phpunit": "^0.18.4",
                "vimeo/psalm": "^5.9"
            },
            "type": "library",
            "autoload": {
                "psr-4": {
                    "Laminas\\Escaper\\": "src/"
                }
            },
            "notification-url": "https://packagist.org/downloads/",
            "license": [
                "BSD-3-Clause"
            ],
            "description": "Securely and safely escape HTML, HTML attributes, JavaScript, CSS, and URLs",
            "homepage": "https://laminas.dev",
            "keywords": [
                "escaper",
                "laminas"
            ],
            "support": {
                "chat": "https://laminas.dev/chat",
                "docs": "https://docs.laminas.dev/laminas-escaper/",
                "forum": "https://discourse.laminas.dev",
                "issues": "https://github.com/laminas/laminas-escaper/issues",
                "rss": "https://github.com/laminas/laminas-escaper/releases.atom",
                "source": "https://github.com/laminas/laminas-escaper"
            },
            "funding": [
                {
                    "url": "https://funding.communitybridge.org/projects/laminas-project",
                    "type": "community_bridge"
                }
            ],
            "time": "2023-10-10T08:35:13+00:00"
        },
        {
            "name": "laminas/laminas-eventmanager",
            "version": "3.13.1",
            "source": {
                "type": "git",
                "url": "https://github.com/laminas/laminas-eventmanager.git",
                "reference": "933d1b5cf03fa4cf3016cebfd0555fa2ba3f2024"
            },
            "dist": {
                "type": "zip",
                "url": "https://api.github.com/repos/laminas/laminas-eventmanager/zipball/933d1b5cf03fa4cf3016cebfd0555fa2ba3f2024",
                "reference": "933d1b5cf03fa4cf3016cebfd0555fa2ba3f2024",
                "shasum": ""
            },
            "require": {
                "php": "~8.1.0 || ~8.2.0 || ~8.3.0"
            },
            "conflict": {
                "container-interop/container-interop": "<1.2",
                "zendframework/zend-eventmanager": "*"
            },
            "require-dev": {
                "laminas/laminas-coding-standard": "~2.5.0",
                "laminas/laminas-stdlib": "^3.18",
                "phpbench/phpbench": "^1.2.15",
                "phpunit/phpunit": "^10.5.5",
                "psalm/plugin-phpunit": "^0.18.4",
                "psr/container": "^1.1.2 || ^2.0.2",
                "vimeo/psalm": "^5.18"
            },
            "suggest": {
                "laminas/laminas-stdlib": "^2.7.3 || ^3.0, to use the FilterChain feature",
                "psr/container": "^1.1.2 || ^2.0.2, to use the lazy listeners feature"
            },
            "type": "library",
            "autoload": {
                "psr-4": {
                    "Laminas\\EventManager\\": "src/"
                }
            },
            "notification-url": "https://packagist.org/downloads/",
            "license": [
                "BSD-3-Clause"
            ],
            "description": "Trigger and listen to events within a PHP application",
            "homepage": "https://laminas.dev",
            "keywords": [
                "event",
                "eventmanager",
                "events",
                "laminas"
            ],
            "support": {
                "chat": "https://laminas.dev/chat",
                "docs": "https://docs.laminas.dev/laminas-eventmanager/",
                "forum": "https://discourse.laminas.dev",
                "issues": "https://github.com/laminas/laminas-eventmanager/issues",
                "rss": "https://github.com/laminas/laminas-eventmanager/releases.atom",
                "source": "https://github.com/laminas/laminas-eventmanager"
            },
            "funding": [
                {
                    "url": "https://funding.communitybridge.org/projects/laminas-project",
                    "type": "community_bridge"
                }
            ],
            "time": "2024-06-24T14:01:06+00:00"
        },
        {
            "name": "laminas/laminas-filter",
            "version": "2.37.0",
            "source": {
                "type": "git",
                "url": "https://github.com/laminas/laminas-filter.git",
                "reference": "27dda1e60547bc000b876e24808f47932df2f4ac"
            },
            "dist": {
                "type": "zip",
                "url": "https://api.github.com/repos/laminas/laminas-filter/zipball/27dda1e60547bc000b876e24808f47932df2f4ac",
                "reference": "27dda1e60547bc000b876e24808f47932df2f4ac",
                "shasum": ""
            },
            "require": {
                "ext-mbstring": "*",
                "laminas/laminas-servicemanager": "^3.21.0",
                "laminas/laminas-stdlib": "^3.13.0",
                "php": "~8.1.0 || ~8.2.0 || ~8.3.0"
            },
            "conflict": {
                "laminas/laminas-validator": "<2.10.1",
                "zendframework/zend-filter": "*"
            },
            "require-dev": {
                "laminas/laminas-coding-standard": "~2.5.0",
                "laminas/laminas-crypt": "^3.11",
                "laminas/laminas-i18n": "^2.26.0",
                "laminas/laminas-uri": "^2.11",
                "pear/archive_tar": "^1.5.0",
                "phpunit/phpunit": "^10.5.20",
                "psalm/plugin-phpunit": "^0.19.0",
                "psr/http-factory": "^1.1.0",
                "vimeo/psalm": "^5.24.0"
            },
            "suggest": {
                "laminas/laminas-crypt": "Laminas\\Crypt component, for encryption filters",
                "laminas/laminas-i18n": "Laminas\\I18n component for filters depending on i18n functionality",
                "laminas/laminas-uri": "Laminas\\Uri component, for the UriNormalize filter",
                "psr/http-factory-implementation": "psr/http-factory-implementation, for creating file upload instances when consuming PSR-7 in file upload filters"
            },
            "type": "library",
            "extra": {
                "laminas": {
                    "component": "Laminas\\Filter",
                    "config-provider": "Laminas\\Filter\\ConfigProvider"
                }
            },
            "autoload": {
                "psr-4": {
                    "Laminas\\Filter\\": "src/"
                }
            },
            "notification-url": "https://packagist.org/downloads/",
            "license": [
                "BSD-3-Clause"
            ],
            "description": "Programmatically filter and normalize data and files",
            "homepage": "https://laminas.dev",
            "keywords": [
                "filter",
                "laminas"
            ],
            "support": {
                "chat": "https://laminas.dev/chat",
                "docs": "https://docs.laminas.dev/laminas-filter/",
                "forum": "https://discourse.laminas.dev",
                "issues": "https://github.com/laminas/laminas-filter/issues",
                "rss": "https://github.com/laminas/laminas-filter/releases.atom",
                "source": "https://github.com/laminas/laminas-filter"
            },
            "funding": [
                {
                    "url": "https://funding.communitybridge.org/projects/laminas-project",
                    "type": "community_bridge"
                }
            ],
            "time": "2024-08-12T09:23:23+00:00"
        },
        {
            "name": "laminas/laminas-form",
            "version": "3.20.0",
            "source": {
                "type": "git",
                "url": "https://github.com/laminas/laminas-form.git",
                "reference": "a50af078506a46b7bf53a2d6cd30d36a221546b3"
            },
            "dist": {
                "type": "zip",
                "url": "https://api.github.com/repos/laminas/laminas-form/zipball/a50af078506a46b7bf53a2d6cd30d36a221546b3",
                "reference": "a50af078506a46b7bf53a2d6cd30d36a221546b3",
                "shasum": ""
            },
            "require": {
                "laminas/laminas-hydrator": "^4.13.0",
                "laminas/laminas-inputfilter": "^2.24.0",
                "laminas/laminas-stdlib": "^3.16.1",
                "php": "~8.1.0 || ~8.2.0 || ~8.3.0"
            },
            "conflict": {
                "doctrine/annotations": "<1.14.0",
                "laminas/laminas-captcha": "<2.16.0",
                "laminas/laminas-eventmanager": "<3.10.0",
                "laminas/laminas-i18n": "<2.21.0",
                "laminas/laminas-recaptcha": "<3.6.0",
                "laminas/laminas-servicemanager": "<3.20.0",
                "laminas/laminas-view": "<2.27.0"
            },
            "require-dev": {
                "doctrine/annotations": "^1.14.3 || ^2.0.1",
                "ext-intl": "*",
                "laminas/laminas-captcha": "^2.17",
                "laminas/laminas-coding-standard": "^2.5",
                "laminas/laminas-db": "^2.18",
                "laminas/laminas-escaper": "^2.13",
                "laminas/laminas-eventmanager": "^3.12",
                "laminas/laminas-filter": "^2.33",
                "laminas/laminas-i18n": "^2.24.1",
                "laminas/laminas-modulemanager": "^2.15.0",
                "laminas/laminas-recaptcha": "^3.7",
                "laminas/laminas-servicemanager": "^3.22.1",
                "laminas/laminas-session": "^2.17",
                "laminas/laminas-text": "^2.11.0",
                "laminas/laminas-validator": "^2.43",
                "laminas/laminas-view": "^2.32",
                "phpunit/phpunit": "^10.4.2",
                "psalm/plugin-phpunit": "^0.19.0",
                "vimeo/psalm": "^5.16"
            },
            "suggest": {
                "doctrine/annotations": "^1.14, required to use laminas-form annotations support",
                "laminas/laminas-captcha": "^2.16, required for using CAPTCHA form elements",
                "laminas/laminas-eventmanager": "^3.10, reuired for laminas-form annotations support",
                "laminas/laminas-i18n": "^2.21, required when using laminas-form view helpers",
                "laminas/laminas-recaptcha": "^3.6, in order to use the ReCaptcha form element",
                "laminas/laminas-servicemanager": "^3.20, required to use the form factories or provide services",
                "laminas/laminas-view": "^2.27, required for using the laminas-form view helpers"
            },
            "type": "library",
            "extra": {
                "laminas": {
                    "component": "Laminas\\Form",
                    "config-provider": "Laminas\\Form\\ConfigProvider"
                }
            },
            "autoload": {
                "psr-4": {
                    "Laminas\\Form\\": "src/"
                }
            },
            "notification-url": "https://packagist.org/downloads/",
            "license": [
                "BSD-3-Clause"
            ],
            "description": "Validate and display simple and complex forms, casting forms to business objects and vice versa",
            "homepage": "https://laminas.dev",
            "keywords": [
                "form",
                "laminas"
            ],
            "support": {
                "chat": "https://laminas.dev/chat",
                "docs": "https://docs.laminas.dev/laminas-form/",
                "forum": "https://discourse.laminas.dev",
                "issues": "https://github.com/laminas/laminas-form/issues",
                "rss": "https://github.com/laminas/laminas-form/releases.atom",
                "source": "https://github.com/laminas/laminas-form"
            },
            "funding": [
                {
                    "url": "https://funding.communitybridge.org/projects/laminas-project",
                    "type": "community_bridge"
                }
            ],
            "time": "2024-07-08T06:59:53+00:00"
        },
        {
            "name": "laminas/laminas-http",
            "version": "2.19.0",
            "source": {
                "type": "git",
                "url": "https://github.com/laminas/laminas-http.git",
                "reference": "26dd6d1177e25d970058863c2afed12bb9dbff4d"
            },
            "dist": {
                "type": "zip",
                "url": "https://api.github.com/repos/laminas/laminas-http/zipball/26dd6d1177e25d970058863c2afed12bb9dbff4d",
                "reference": "26dd6d1177e25d970058863c2afed12bb9dbff4d",
                "shasum": ""
            },
            "require": {
                "laminas/laminas-loader": "^2.10",
                "laminas/laminas-stdlib": "^3.6",
                "laminas/laminas-uri": "^2.11",
                "laminas/laminas-validator": "^2.15",
                "php": "~8.1.0 || ~8.2.0 || ~8.3.0"
            },
            "conflict": {
                "zendframework/zend-http": "*"
            },
            "require-dev": {
                "ext-curl": "*",
                "laminas/laminas-coding-standard": "~2.4.0",
                "phpunit/phpunit": "^9.5.25"
            },
            "suggest": {
                "paragonie/certainty": "For automated management of cacert.pem"
            },
            "type": "library",
            "autoload": {
                "psr-4": {
                    "Laminas\\Http\\": "src/"
                }
            },
            "notification-url": "https://packagist.org/downloads/",
            "license": [
                "BSD-3-Clause"
            ],
            "description": "Provides an easy interface for performing Hyper-Text Transfer Protocol (HTTP) requests",
            "homepage": "https://laminas.dev",
            "keywords": [
                "http",
                "http client",
                "laminas"
            ],
            "support": {
                "chat": "https://laminas.dev/chat",
                "docs": "https://docs.laminas.dev/laminas-http/",
                "forum": "https://discourse.laminas.dev",
                "issues": "https://github.com/laminas/laminas-http/issues",
                "rss": "https://github.com/laminas/laminas-http/releases.atom",
                "source": "https://github.com/laminas/laminas-http"
            },
            "funding": [
                {
                    "url": "https://funding.communitybridge.org/projects/laminas-project",
                    "type": "community_bridge"
                }
            ],
            "time": "2023-11-02T16:27:41+00:00"
        },
        {
            "name": "laminas/laminas-hydrator",
            "version": "4.15.0",
            "source": {
                "type": "git",
                "url": "https://github.com/laminas/laminas-hydrator.git",
                "reference": "43ccca88313fdcceca37865109dffc69ecd2cf8f"
            },
            "dist": {
                "type": "zip",
                "url": "https://api.github.com/repos/laminas/laminas-hydrator/zipball/43ccca88313fdcceca37865109dffc69ecd2cf8f",
                "reference": "43ccca88313fdcceca37865109dffc69ecd2cf8f",
                "shasum": ""
            },
            "require": {
                "laminas/laminas-stdlib": "^3.3",
                "php": "~8.1.0 || ~8.2.0 || ~8.3.0",
                "webmozart/assert": "^1.10"
            },
            "conflict": {
                "laminas/laminas-servicemanager": "<3.14.0",
                "zendframework/zend-hydrator": "*"
            },
            "require-dev": {
                "laminas/laminas-coding-standard": "~2.5.0",
                "laminas/laminas-eventmanager": "^3.12",
                "laminas/laminas-modulemanager": "^2.15.0",
                "laminas/laminas-serializer": "^2.17.0",
                "laminas/laminas-servicemanager": "^3.22.1",
                "phpbench/phpbench": "^1.2.14",
                "phpunit/phpunit": "^10.4.2",
                "psalm/plugin-phpunit": "^0.18.4",
                "vimeo/psalm": "^5.15"
            },
            "suggest": {
                "laminas/laminas-eventmanager": "^3.2, to support aggregate hydrator usage",
                "laminas/laminas-serializer": "^2.9, to use the SerializableStrategy",
                "laminas/laminas-servicemanager": "^3.14, to support hydrator plugin manager usage"
            },
            "type": "library",
            "extra": {
                "laminas": {
                    "component": "Laminas\\Hydrator",
                    "config-provider": "Laminas\\Hydrator\\ConfigProvider"
                }
            },
            "autoload": {
                "psr-4": {
                    "Laminas\\Hydrator\\": "src/"
                }
            },
            "notification-url": "https://packagist.org/downloads/",
            "license": [
                "BSD-3-Clause"
            ],
            "description": "Serialize objects to arrays, and vice versa",
            "homepage": "https://laminas.dev",
            "keywords": [
                "hydrator",
                "laminas"
            ],
            "support": {
                "chat": "https://laminas.dev/chat",
                "docs": "https://docs.laminas.dev/laminas-hydrator/",
                "forum": "https://discourse.laminas.dev",
                "issues": "https://github.com/laminas/laminas-hydrator/issues",
                "rss": "https://github.com/laminas/laminas-hydrator/releases.atom",
                "source": "https://github.com/laminas/laminas-hydrator"
            },
            "funding": [
                {
                    "url": "https://funding.communitybridge.org/projects/laminas-project",
                    "type": "community_bridge"
                }
            ],
            "time": "2023-11-08T11:11:45+00:00"
        },
        {
            "name": "laminas/laminas-inputfilter",
            "version": "2.30.1",
            "source": {
                "type": "git",
                "url": "https://github.com/laminas/laminas-inputfilter.git",
                "reference": "f07a908df1052f28b18904d3745cdd5b183938c9"
            },
            "dist": {
                "type": "zip",
                "url": "https://api.github.com/repos/laminas/laminas-inputfilter/zipball/f07a908df1052f28b18904d3745cdd5b183938c9",
                "reference": "f07a908df1052f28b18904d3745cdd5b183938c9",
                "shasum": ""
            },
            "require": {
                "laminas/laminas-filter": "^2.19",
                "laminas/laminas-servicemanager": "^3.21.0",
                "laminas/laminas-stdlib": "^3.0",
                "laminas/laminas-validator": "^2.52",
                "php": "~8.1.0 || ~8.2.0 || ~8.3.0"
            },
            "conflict": {
                "zendframework/zend-inputfilter": "*"
            },
            "require-dev": {
                "ext-json": "*",
                "laminas/laminas-coding-standard": "~2.5.0",
                "phpunit/phpunit": "^10.5.15",
                "psalm/plugin-phpunit": "^0.19.0",
                "psr/http-message": "^2.0",
                "vimeo/psalm": "^5.23.1",
                "webmozart/assert": "^1.11"
            },
            "suggest": {
                "psr/http-message-implementation": "PSR-7 is required if you wish to validate PSR-7 UploadedFileInterface payloads"
            },
            "type": "library",
            "extra": {
                "laminas": {
                    "component": "Laminas\\InputFilter",
                    "config-provider": "Laminas\\InputFilter\\ConfigProvider"
                }
            },
            "autoload": {
                "psr-4": {
                    "Laminas\\InputFilter\\": "src/"
                }
            },
            "notification-url": "https://packagist.org/downloads/",
            "license": [
                "BSD-3-Clause"
            ],
            "description": "Normalize and validate input sets from the web, APIs, the CLI, and more, including files",
            "homepage": "https://laminas.dev",
            "keywords": [
                "inputfilter",
                "laminas"
            ],
            "support": {
                "chat": "https://laminas.dev/chat",
                "docs": "https://docs.laminas.dev/laminas-inputfilter/",
                "forum": "https://discourse.laminas.dev",
                "issues": "https://github.com/laminas/laminas-inputfilter/issues",
                "rss": "https://github.com/laminas/laminas-inputfilter/releases.atom",
                "source": "https://github.com/laminas/laminas-inputfilter"
            },
            "funding": [
                {
                    "url": "https://funding.communitybridge.org/projects/laminas-project",
                    "type": "community_bridge"
                }
            ],
            "time": "2024-04-03T15:14:05+00:00"
        },
        {
            "name": "laminas/laminas-json",
            "version": "3.6.0",
            "source": {
                "type": "git",
                "url": "https://github.com/laminas/laminas-json.git",
                "reference": "53ff787b20b77197f38680c737e8dfffa846b85b"
            },
            "dist": {
                "type": "zip",
                "url": "https://api.github.com/repos/laminas/laminas-json/zipball/53ff787b20b77197f38680c737e8dfffa846b85b",
                "reference": "53ff787b20b77197f38680c737e8dfffa846b85b",
                "shasum": ""
            },
            "require": {
                "php": "~8.1.0 || ~8.2.0 || ~8.3.0"
            },
            "conflict": {
                "zendframework/zend-json": "*"
            },
            "require-dev": {
                "laminas/laminas-coding-standard": "~2.4.0",
                "laminas/laminas-stdlib": "^2.7.7 || ^3.8",
                "phpunit/phpunit": "^9.5.25"
            },
            "suggest": {
                "laminas/laminas-json-server": "For implementing JSON-RPC servers",
                "laminas/laminas-xml2json": "For converting XML documents to JSON"
            },
            "type": "library",
            "autoload": {
                "psr-4": {
                    "Laminas\\Json\\": "src/"
                }
            },
            "notification-url": "https://packagist.org/downloads/",
            "license": [
                "BSD-3-Clause"
            ],
            "description": "provides convenience methods for serializing native PHP to JSON and decoding JSON to native PHP",
            "homepage": "https://laminas.dev",
            "keywords": [
                "json",
                "laminas"
            ],
            "support": {
                "chat": "https://laminas.dev/chat",
                "docs": "https://docs.laminas.dev/laminas-json/",
                "forum": "https://discourse.laminas.dev",
                "issues": "https://github.com/laminas/laminas-json/issues",
                "rss": "https://github.com/laminas/laminas-json/releases.atom",
                "source": "https://github.com/laminas/laminas-json"
            },
            "funding": [
                {
                    "url": "https://funding.communitybridge.org/projects/laminas-project",
                    "type": "community_bridge"
                }
            ],
            "time": "2023-10-18T09:54:55+00:00"
        },
        {
            "name": "laminas/laminas-loader",
            "version": "2.10.0",
            "source": {
                "type": "git",
                "url": "https://github.com/laminas/laminas-loader.git",
                "reference": "e6fe952304ef40ce45cd814751ab35d42afdad12"
            },
            "dist": {
                "type": "zip",
                "url": "https://api.github.com/repos/laminas/laminas-loader/zipball/e6fe952304ef40ce45cd814751ab35d42afdad12",
                "reference": "e6fe952304ef40ce45cd814751ab35d42afdad12",
                "shasum": ""
            },
            "require": {
                "php": "~8.0.0 || ~8.1.0 || ~8.2.0 || ~8.3.0"
            },
            "conflict": {
                "zendframework/zend-loader": "*"
            },
            "require-dev": {
                "laminas/laminas-coding-standard": "~2.4.0",
                "phpunit/phpunit": "~9.5.25"
            },
            "type": "library",
            "autoload": {
                "psr-4": {
                    "Laminas\\Loader\\": "src/"
                }
            },
            "notification-url": "https://packagist.org/downloads/",
            "license": [
                "BSD-3-Clause"
            ],
            "description": "Autoloading and plugin loading strategies",
            "homepage": "https://laminas.dev",
            "keywords": [
                "laminas",
                "loader"
            ],
            "support": {
                "chat": "https://laminas.dev/chat",
                "docs": "https://docs.laminas.dev/laminas-loader/",
                "forum": "https://discourse.laminas.dev",
                "issues": "https://github.com/laminas/laminas-loader/issues",
                "rss": "https://github.com/laminas/laminas-loader/releases.atom",
                "source": "https://github.com/laminas/laminas-loader"
            },
            "funding": [
                {
                    "url": "https://funding.communitybridge.org/projects/laminas-project",
                    "type": "community_bridge"
                }
            ],
            "time": "2023-10-18T09:58:51+00:00"
        },
        {
            "name": "laminas/laminas-servicemanager",
            "version": "3.22.1",
            "source": {
                "type": "git",
                "url": "https://github.com/laminas/laminas-servicemanager.git",
                "reference": "de98d297d4743956a0558a6d71616979ff779328"
            },
            "dist": {
                "type": "zip",
                "url": "https://api.github.com/repos/laminas/laminas-servicemanager/zipball/de98d297d4743956a0558a6d71616979ff779328",
                "reference": "de98d297d4743956a0558a6d71616979ff779328",
                "shasum": ""
            },
            "require": {
                "laminas/laminas-stdlib": "^3.17",
                "php": "~8.1.0 || ~8.2.0 || ~8.3.0",
                "psr/container": "^1.0"
            },
            "conflict": {
                "ext-psr": "*",
                "laminas/laminas-code": "<4.10.0",
                "zendframework/zend-code": "<3.3.1",
                "zendframework/zend-servicemanager": "*"
            },
            "provide": {
                "psr/container-implementation": "^1.0"
            },
            "replace": {
                "container-interop/container-interop": "^1.2.0"
            },
            "require-dev": {
                "composer/package-versions-deprecated": "^1.11.99.5",
                "friendsofphp/proxy-manager-lts": "^1.0.14",
                "laminas/laminas-code": "^4.10.0",
                "laminas/laminas-coding-standard": "~2.5.0",
                "laminas/laminas-container-config-test": "^0.8",
                "mikey179/vfsstream": "^1.6.11",
                "phpbench/phpbench": "^1.2.9",
                "phpunit/phpunit": "^10.4",
                "psalm/plugin-phpunit": "^0.18.4",
                "vimeo/psalm": "^5.8.0"
            },
            "suggest": {
                "friendsofphp/proxy-manager-lts": "ProxyManager ^2.1.1 to handle lazy initialization of services"
            },
            "bin": [
                "bin/generate-deps-for-config-factory",
                "bin/generate-factory-for-class"
            ],
            "type": "library",
            "autoload": {
                "files": [
                    "src/autoload.php"
                ],
                "psr-4": {
                    "Laminas\\ServiceManager\\": "src/"
                }
            },
            "notification-url": "https://packagist.org/downloads/",
            "license": [
                "BSD-3-Clause"
            ],
            "description": "Factory-Driven Dependency Injection Container",
            "homepage": "https://laminas.dev",
            "keywords": [
                "PSR-11",
                "dependency-injection",
                "di",
                "dic",
                "laminas",
                "service-manager",
                "servicemanager"
            ],
            "support": {
                "chat": "https://laminas.dev/chat",
                "docs": "https://docs.laminas.dev/laminas-servicemanager/",
                "forum": "https://discourse.laminas.dev",
                "issues": "https://github.com/laminas/laminas-servicemanager/issues",
                "rss": "https://github.com/laminas/laminas-servicemanager/releases.atom",
                "source": "https://github.com/laminas/laminas-servicemanager"
            },
            "funding": [
                {
                    "url": "https://funding.communitybridge.org/projects/laminas-project",
                    "type": "community_bridge"
                }
            ],
            "time": "2023-10-24T11:19:47+00:00"
        },
        {
            "name": "laminas/laminas-stdlib",
            "version": "3.19.0",
            "source": {
                "type": "git",
                "url": "https://github.com/laminas/laminas-stdlib.git",
                "reference": "6a192dd0882b514e45506f533b833b623b78fff3"
            },
            "dist": {
                "type": "zip",
                "url": "https://api.github.com/repos/laminas/laminas-stdlib/zipball/6a192dd0882b514e45506f533b833b623b78fff3",
                "reference": "6a192dd0882b514e45506f533b833b623b78fff3",
                "shasum": ""
            },
            "require": {
                "php": "~8.1.0 || ~8.2.0 || ~8.3.0"
            },
            "conflict": {
                "zendframework/zend-stdlib": "*"
            },
            "require-dev": {
                "laminas/laminas-coding-standard": "^2.5",
                "phpbench/phpbench": "^1.2.15",
                "phpunit/phpunit": "^10.5.8",
                "psalm/plugin-phpunit": "^0.18.4",
                "vimeo/psalm": "^5.20.0"
            },
            "type": "library",
            "autoload": {
                "psr-4": {
                    "Laminas\\Stdlib\\": "src/"
                }
            },
            "notification-url": "https://packagist.org/downloads/",
            "license": [
                "BSD-3-Clause"
            ],
            "description": "SPL extensions, array utilities, error handlers, and more",
            "homepage": "https://laminas.dev",
            "keywords": [
                "laminas",
                "stdlib"
            ],
            "support": {
                "chat": "https://laminas.dev/chat",
                "docs": "https://docs.laminas.dev/laminas-stdlib/",
                "forum": "https://discourse.laminas.dev",
                "issues": "https://github.com/laminas/laminas-stdlib/issues",
                "rss": "https://github.com/laminas/laminas-stdlib/releases.atom",
                "source": "https://github.com/laminas/laminas-stdlib"
            },
            "funding": [
                {
                    "url": "https://funding.communitybridge.org/projects/laminas-project",
                    "type": "community_bridge"
                }
            ],
            "time": "2024-01-19T12:39:49+00:00"
        },
        {
            "name": "laminas/laminas-uri",
            "version": "2.12.0",
            "source": {
                "type": "git",
                "url": "https://github.com/laminas/laminas-uri.git",
                "reference": "95a41a7592bacf4c648648a88b7c94b0c5c22b9e"
            },
            "dist": {
                "type": "zip",
                "url": "https://api.github.com/repos/laminas/laminas-uri/zipball/95a41a7592bacf4c648648a88b7c94b0c5c22b9e",
                "reference": "95a41a7592bacf4c648648a88b7c94b0c5c22b9e",
                "shasum": ""
            },
            "require": {
                "laminas/laminas-escaper": "^2.9",
                "laminas/laminas-validator": "^2.39",
                "php": "~8.1.0 || ~8.2.0 || ~8.3.0 || ~8.4.0"
            },
            "conflict": {
                "zendframework/zend-uri": "*"
            },
            "require-dev": {
                "laminas/laminas-coding-standard": "~2.4.0",
                "phpunit/phpunit": "^9.6.20"
            },
            "type": "library",
            "autoload": {
                "psr-4": {
                    "Laminas\\Uri\\": "src/"
                }
            },
            "notification-url": "https://packagist.org/downloads/",
            "license": [
                "BSD-3-Clause"
            ],
            "description": "A component that aids in manipulating and validating » Uniform Resource Identifiers (URIs)",
            "homepage": "https://laminas.dev",
            "keywords": [
                "laminas",
                "uri"
            ],
            "support": {
                "chat": "https://laminas.dev/chat",
                "docs": "https://docs.laminas.dev/laminas-uri/",
                "forum": "https://discourse.laminas.dev",
                "issues": "https://github.com/laminas/laminas-uri/issues",
                "rss": "https://github.com/laminas/laminas-uri/releases.atom",
                "source": "https://github.com/laminas/laminas-uri"
            },
            "funding": [
                {
                    "url": "https://funding.communitybridge.org/projects/laminas-project",
                    "type": "community_bridge"
                }
            ],
            "time": "2024-08-03T21:22:51+00:00"
        },
        {
            "name": "laminas/laminas-validator",
            "version": "2.64.1",
            "source": {
                "type": "git",
                "url": "https://github.com/laminas/laminas-validator.git",
                "reference": "9db115056b666b7540c951b6d4477b8e0b52b9ad"
            },
            "dist": {
                "type": "zip",
                "url": "https://api.github.com/repos/laminas/laminas-validator/zipball/9db115056b666b7540c951b6d4477b8e0b52b9ad",
                "reference": "9db115056b666b7540c951b6d4477b8e0b52b9ad",
                "shasum": ""
            },
            "require": {
                "laminas/laminas-servicemanager": "^3.21.0",
                "laminas/laminas-stdlib": "^3.19",
                "php": "~8.1.0 || ~8.2.0 || ~8.3.0 || ~8.4.0",
                "psr/http-message": "^1.0.1 || ^2.0.0"
            },
            "conflict": {
                "zendframework/zend-validator": "*"
            },
            "require-dev": {
                "laminas/laminas-coding-standard": "^2.5",
                "laminas/laminas-db": "^2.20",
                "laminas/laminas-filter": "^2.35.2",
                "laminas/laminas-i18n": "^2.26.0",
                "laminas/laminas-session": "^2.20",
                "laminas/laminas-uri": "^2.11.0",
                "phpunit/phpunit": "^10.5.20",
                "psalm/plugin-phpunit": "^0.19.0",
                "psr/http-client": "^1.0.3",
                "psr/http-factory": "^1.1.0",
                "vimeo/psalm": "^5.24.0"
            },
            "suggest": {
                "laminas/laminas-db": "Laminas\\Db component, required by the (No)RecordExists validator",
                "laminas/laminas-filter": "Laminas\\Filter component, required by the Digits validator",
                "laminas/laminas-i18n": "Laminas\\I18n component to allow translation of validation error messages",
                "laminas/laminas-i18n-resources": "Translations of validator messages",
                "laminas/laminas-servicemanager": "Laminas\\ServiceManager component to allow using the ValidatorPluginManager and validator chains",
                "laminas/laminas-session": "Laminas\\Session component, ^2.8; required by the Csrf validator",
                "laminas/laminas-uri": "Laminas\\Uri component, required by the Uri and Sitemap\\Loc validators",
                "psr/http-message": "psr/http-message, required when validating PSR-7 UploadedFileInterface instances via the Upload and UploadFile validators"
            },
            "type": "library",
            "extra": {
                "laminas": {
                    "component": "Laminas\\Validator",
                    "config-provider": "Laminas\\Validator\\ConfigProvider"
                }
            },
            "autoload": {
                "psr-4": {
                    "Laminas\\Validator\\": "src/"
                }
            },
            "notification-url": "https://packagist.org/downloads/",
            "license": [
                "BSD-3-Clause"
            ],
            "description": "Validation classes for a wide range of domains, and the ability to chain validators to create complex validation criteria",
            "homepage": "https://laminas.dev",
            "keywords": [
                "laminas",
                "validator"
            ],
            "support": {
                "chat": "https://laminas.dev/chat",
                "docs": "https://docs.laminas.dev/laminas-validator/",
                "forum": "https://discourse.laminas.dev",
                "issues": "https://github.com/laminas/laminas-validator/issues",
                "rss": "https://github.com/laminas/laminas-validator/releases.atom",
                "source": "https://github.com/laminas/laminas-validator"
            },
            "funding": [
                {
                    "url": "https://funding.communitybridge.org/projects/laminas-project",
                    "type": "community_bridge"
                }
            ],
            "time": "2024-08-01T09:32:54+00:00"
        },
        {
            "name": "laminas/laminas-view",
            "version": "2.35.0",
            "source": {
                "type": "git",
                "url": "https://github.com/laminas/laminas-view.git",
                "reference": "f597148345dd406fb9d04d391a19c0c33bf71605"
            },
            "dist": {
                "type": "zip",
                "url": "https://api.github.com/repos/laminas/laminas-view/zipball/f597148345dd406fb9d04d391a19c0c33bf71605",
                "reference": "f597148345dd406fb9d04d391a19c0c33bf71605",
                "shasum": ""
            },
            "require": {
                "ext-dom": "*",
                "ext-filter": "*",
                "ext-json": "*",
                "laminas/laminas-escaper": "^2.5",
                "laminas/laminas-eventmanager": "^3.4",
                "laminas/laminas-json": "^3.3",
                "laminas/laminas-servicemanager": "^3.21.0",
                "laminas/laminas-stdlib": "^3.10.1",
                "php": "~8.1.0 || ~8.2.0 || ~8.3.0",
                "psr/container": "^1 || ^2"
            },
            "conflict": {
                "container-interop/container-interop": "<1.2",
                "laminas/laminas-router": "<3.0.1",
                "laminas/laminas-session": "<2.12",
                "zendframework/zend-view": "*"
            },
            "require-dev": {
                "laminas/laminas-authentication": "^2.16",
                "laminas/laminas-coding-standard": "~2.5.0",
                "laminas/laminas-feed": "^2.22",
                "laminas/laminas-filter": "^2.34",
                "laminas/laminas-http": "^2.19",
                "laminas/laminas-i18n": "^2.26.0",
                "laminas/laminas-modulemanager": "^2.15",
                "laminas/laminas-mvc": "^3.7.0",
                "laminas/laminas-mvc-i18n": "^1.8",
                "laminas/laminas-mvc-plugin-flashmessenger": "^1.10.1",
                "laminas/laminas-navigation": "^2.19.1",
                "laminas/laminas-paginator": "^2.18.1",
                "laminas/laminas-permissions-acl": "^2.16",
                "laminas/laminas-router": "^3.13.0",
                "laminas/laminas-uri": "^2.11",
                "phpunit/phpunit": "^10.5.13",
                "psalm/plugin-phpunit": "^0.19.0",
                "vimeo/psalm": "^5.23.1"
            },
            "suggest": {
                "laminas/laminas-authentication": "Laminas\\Authentication component",
                "laminas/laminas-feed": "Laminas\\Feed component",
                "laminas/laminas-filter": "Laminas\\Filter component",
                "laminas/laminas-http": "Laminas\\Http component",
                "laminas/laminas-i18n": "Laminas\\I18n component",
                "laminas/laminas-mvc": "Laminas\\Mvc component",
                "laminas/laminas-mvc-plugin-flashmessenger": "laminas-mvc-plugin-flashmessenger component, if you want to use the FlashMessenger view helper with laminas-mvc versions 3 and up",
                "laminas/laminas-navigation": "Laminas\\Navigation component",
                "laminas/laminas-paginator": "Laminas\\Paginator component",
                "laminas/laminas-permissions-acl": "Laminas\\Permissions\\Acl component",
                "laminas/laminas-uri": "Laminas\\Uri component"
            },
            "bin": [
                "bin/templatemap_generator.php"
            ],
            "type": "library",
            "autoload": {
                "psr-4": {
                    "Laminas\\View\\": "src/"
                }
            },
            "notification-url": "https://packagist.org/downloads/",
            "license": [
                "BSD-3-Clause"
            ],
            "description": "Flexible view layer supporting and providing multiple view layers, helpers, and more",
            "homepage": "https://laminas.dev",
            "keywords": [
                "laminas",
                "view"
            ],
            "support": {
                "chat": "https://laminas.dev/chat",
                "docs": "https://docs.laminas.dev/laminas-view/",
                "forum": "https://discourse.laminas.dev",
                "issues": "https://github.com/laminas/laminas-view/issues",
                "rss": "https://github.com/laminas/laminas-view/releases.atom",
                "source": "https://github.com/laminas/laminas-view"
            },
            "funding": [
                {
                    "url": "https://funding.communitybridge.org/projects/laminas-project",
                    "type": "community_bridge"
                }
            ],
            "time": "2024-06-04T06:44:31+00:00"
        },
        {
            "name": "psr/container",
            "version": "1.1.2",
            "source": {
                "type": "git",
                "url": "https://github.com/php-fig/container.git",
                "reference": "513e0666f7216c7459170d56df27dfcefe1689ea"
            },
            "dist": {
                "type": "zip",
                "url": "https://api.github.com/repos/php-fig/container/zipball/513e0666f7216c7459170d56df27dfcefe1689ea",
                "reference": "513e0666f7216c7459170d56df27dfcefe1689ea",
                "shasum": ""
            },
            "require": {
                "php": ">=7.4.0"
            },
            "type": "library",
            "autoload": {
                "psr-4": {
                    "Psr\\Container\\": "src/"
                }
            },
            "notification-url": "https://packagist.org/downloads/",
            "license": [
                "MIT"
            ],
            "authors": [
                {
                    "name": "PHP-FIG",
                    "homepage": "https://www.php-fig.org/"
                }
            ],
            "description": "Common Container Interface (PHP FIG PSR-11)",
            "homepage": "https://github.com/php-fig/container",
            "keywords": [
                "PSR-11",
                "container",
                "container-interface",
                "container-interop",
                "psr"
            ],
            "support": {
                "issues": "https://github.com/php-fig/container/issues",
                "source": "https://github.com/php-fig/container/tree/1.1.2"
            },
            "time": "2021-11-05T16:50:12+00:00"
        },
        {
            "name": "psr/http-message",
            "version": "2.0",
            "source": {
                "type": "git",
                "url": "https://github.com/php-fig/http-message.git",
                "reference": "402d35bcb92c70c026d1a6a9883f06b2ead23d71"
            },
            "dist": {
                "type": "zip",
                "url": "https://api.github.com/repos/php-fig/http-message/zipball/402d35bcb92c70c026d1a6a9883f06b2ead23d71",
                "reference": "402d35bcb92c70c026d1a6a9883f06b2ead23d71",
                "shasum": ""
            },
            "require": {
                "php": "^7.2 || ^8.0"
            },
            "type": "library",
            "extra": {
                "branch-alias": {
                    "dev-master": "2.0.x-dev"
                }
            },
            "autoload": {
                "psr-4": {
                    "Psr\\Http\\Message\\": "src/"
                }
            },
            "notification-url": "https://packagist.org/downloads/",
            "license": [
                "MIT"
            ],
            "authors": [
                {
                    "name": "PHP-FIG",
                    "homepage": "https://www.php-fig.org/"
                }
            ],
            "description": "Common interface for HTTP messages",
            "homepage": "https://github.com/php-fig/http-message",
            "keywords": [
                "http",
                "http-message",
                "psr",
                "psr-7",
                "request",
                "response"
            ],
            "support": {
                "source": "https://github.com/php-fig/http-message/tree/2.0"
            },
            "time": "2023-04-04T09:54:51+00:00"
        },
        {
            "name": "webmozart/assert",
            "version": "1.11.0",
            "source": {
                "type": "git",
                "url": "https://github.com/webmozarts/assert.git",
                "reference": "11cb2199493b2f8a3b53e7f19068fc6aac760991"
            },
            "dist": {
                "type": "zip",
                "url": "https://api.github.com/repos/webmozarts/assert/zipball/11cb2199493b2f8a3b53e7f19068fc6aac760991",
                "reference": "11cb2199493b2f8a3b53e7f19068fc6aac760991",
                "shasum": ""
            },
            "require": {
                "ext-ctype": "*",
                "php": "^7.2 || ^8.0"
            },
            "conflict": {
                "phpstan/phpstan": "<0.12.20",
                "vimeo/psalm": "<4.6.1 || 4.6.2"
            },
            "require-dev": {
                "phpunit/phpunit": "^8.5.13"
            },
            "type": "library",
            "extra": {
                "branch-alias": {
                    "dev-master": "1.10-dev"
                }
            },
            "autoload": {
                "psr-4": {
                    "Webmozart\\Assert\\": "src/"
                }
            },
            "notification-url": "https://packagist.org/downloads/",
            "license": [
                "MIT"
            ],
            "authors": [
                {
                    "name": "Bernhard Schussek",
                    "email": "bschussek@gmail.com"
                }
            ],
            "description": "Assertions to validate method input/output with nice error messages.",
            "keywords": [
                "assert",
                "check",
                "validate"
            ],
            "support": {
                "issues": "https://github.com/webmozarts/assert/issues",
                "source": "https://github.com/webmozarts/assert/tree/1.11.0"
            },
            "time": "2022-06-03T18:03:27+00:00"
        }
    ],
    "packages-dev": [],
    "aliases": [],
    "minimum-stability": "stable",
    "stability-flags": [],
    "prefer-stable": false,
    "prefer-lowest": false,
    "platform": {
        "php": "~8.2.0"
    },
    "platform-dev": [],
    "plugin-api-version": "2.3.0"
}
